{
  "nodes": {
    "home-manager": {
      "inputs": {
        "nixpkgs": [
          "nixpkgs"
        ]
      },
      "locked": {
        "lastModified": 1714679908,
        "narHash": "sha256-KzcXzDvDJjX34en8f3Zimm396x6idbt+cu4tWDVS2FI=",
        "ref": "refs/heads/master",
        "rev": "9036fe9ef8e15a819fa76f47a8b1f287903fb848",
        "revCount": 3527,
        "type": "git",
        "url": "https://mirror.ghproxy.com/https://github.com/nix-community/home-manager"
      },
      "original": {
        "type": "git",
        "url": "https://mirror.ghproxy.com/https://github.com/nix-community/home-manager"
      }
    },
    "nixpkgs": {
      "locked": {
        "lastModified": 1714635257,
        "narHash": "sha256-4cPymbty65RvF1DWQfc+Bc8B233A1BWxJnNULJKQ1EY=",
        "ref": "nixos-unstable",
        "rev": "63c3a29ca82437c87573e4c6919b09a24ea61b0f",
        "revCount": 619660,
        "type": "git",
        "url": "https://mirrors.tuna.tsinghua.edu.cn/git/nixpkgs"
      },
      "original": {
        "ref": "nixos-unstable",
        "type": "git",
        "url": "https://mirrors.tuna.tsinghua.edu.cn/git/nixpkgs"
      }
    },
    "root": {
      "inputs": {
        "home-manager": "home-manager",
        "nixpkgs": "nixpkgs"
      }
    }
  },
  "root": "root",
  "version": 7
}
