{
  "nodes": {
    "home-manager": {
      "inputs": {
        "nixpkgs": [
          "nixpkgs"
        ]
      },
      "locked": {
        "lastModified": 1716679503,
        "narHash": "sha256-aX8AEWHLwuiYX8OCpTnHGrQeei1Gb+AGbk1hq+RIClg=",
        "ref": "refs/heads/master",
        "rev": "e4611630c3cc8ed618b48d92f6291f65be9f7913",
        "revCount": 3554,
        "type": "git",
        "url": "https://mirror.ghproxy.com/https://github.com/nix-community/home-manager"
      },
      "original": {
        "type": "git",
        "url": "https://mirror.ghproxy.com/https://github.com/nix-community/home-manager"
      }
    },
    "nixpkgs": {
      "locked": {
        "lastModified": 1716509168,
        "narHash": "sha256-4zSIhSRRIoEBwjbPm3YiGtbd8HDWzFxJjw5DYSDy1n8=",
        "ref": "nixos-unstable",
        "rev": "bfb7a882678e518398ce9a31a881538679f6f092",
        "revCount": 630835,
        "type": "git",
        "url": "https://mirrors.tuna.tsinghua.edu.cn/git/nixpkgs"
      },
      "original": {
        "ref": "nixos-unstable",
        "type": "git",
        "url": "https://mirrors.tuna.tsinghua.edu.cn/git/nixpkgs"
      }
    },
    "root": {
      "inputs": {
        "home-manager": "home-manager",
        "nixpkgs": "nixpkgs"
      }
    }
  },
  "root": "root",
  "version": 7
}
