{
  "nodes": {
    "home-manager": {
      "inputs": {
        "nixpkgs": [
          "nixpkgs"
        ]
      },
      "locked": {
        "lastModified": 1715930644,
        "narHash": "sha256-W9pyM3/vePxrffHtzlJI6lDS3seANQ+Nqp+i58O46LI=",
        "ref": "refs/heads/master",
        "rev": "e3ad5108f54177e6520535768ddbf1e6af54b59d",
        "revCount": 3549,
        "type": "git",
        "url": "https://mirror.ghproxy.com/https://github.com/nix-community/home-manager"
      },
      "original": {
        "type": "git",
        "url": "https://mirror.ghproxy.com/https://github.com/nix-community/home-manager"
      }
    },
    "nixpkgs": {
      "locked": {
        "lastModified": 1715961556,
        "narHash": "sha256-+NpbZRCRisUHKQJZF3CT+xn14ZZQO+KjxIIanH3Pvn4=",
        "ref": "nixos-unstable",
        "rev": "4a6b83b05df1a8bd7d99095ec4b4d271f2956b64",
        "revCount": 627788,
        "type": "git",
        "url": "https://mirrors.tuna.tsinghua.edu.cn/git/nixpkgs"
      },
      "original": {
        "ref": "nixos-unstable",
        "type": "git",
        "url": "https://mirrors.tuna.tsinghua.edu.cn/git/nixpkgs"
      }
    },
    "root": {
      "inputs": {
        "home-manager": "home-manager",
        "nixpkgs": "nixpkgs"
      }
    }
  },
  "root": "root",
  "version": 7
}
